
Microsoft Visual Studio Solution File, Format Version 12.00
# Visual Studio Version 17
VisualStudioVersion = 17.0.31912.275
MinimumVisualStudioVersion = 10.0.40219.1
Project("{FAE04EC0-301F-11D3-BF4B-00C04F79EFBC}") = "Logica", "Logica\Logica.csproj", "{EF113058-079F-471A-BA29-7DB94E55B5A2}"
EndProject
Project("{FAE04EC0-301F-11D3-BF4B-00C04F79EFBC}") = "Entidades", "Entidades\Entidades.csproj", "{59A52A1D-EBE4-4F5D-A57B-128CE05D715B}"
EndProject
Global
	GlobalSection(SolutionConfigurationPlatforms) = preSolution
		Debug|Any CPU = Debug|Any CPU
		Release|Any CPU = Release|Any CPU
	EndGlobalSection
	GlobalSection(ProjectConfigurationPlatforms) = postSolution
		{EF113058-079F-471A-BA29-7DB94E55B5A2}.Debug|Any CPU.ActiveCfg = Debug|Any CPU
		{EF113058-079F-471A-BA29-7DB94E55B5A2}.Debug|Any CPU.Build.0 = Debug|Any CPU
		{EF113058-079F-471A-BA29-7DB94E55B5A2}.Release|Any CPU.ActiveCfg = Release|Any CPU
		{EF113058-079F-471A-BA29-7DB94E55B5A2}.Release|Any CPU.Build.0 = Release|Any CPU
		{59A52A1D-EBE4-4F5D-A57B-128CE05D715B}.Debug|Any CPU.ActiveCfg = Debug|Any CPU
		{59A52A1D-EBE4-4F5D-A57B-128CE05D715B}.Debug|Any CPU.Build.0 = Debug|Any CPU
		{59A52A1D-EBE4-4F5D-A57B-128CE05D715B}.Release|Any CPU.ActiveCfg = Release|Any CPU
		{59A52A1D-EBE4-4F5D-A57B-128CE05D715B}.Release|Any CPU.Build.0 = Release|Any CPU
	EndGlobalSection
	GlobalSection(SolutionProperties) = preSolution
		HideSolutionNode = FALSE
	EndGlobalSection
	GlobalSection(ExtensibilityGlobals) = postSolution
		SolutionGuid = {7578AE76-A44C-403F-B699-304E007E33EF}
	EndGlobalSection
EndGlobal
